
Microsoft Visual Studio Solution File, Format Version 12.00
# Visual Studio Version 17
VisualStudioVersion = 17.1.32421.90
MinimumVisualStudioVersion = 10.0.40219.1
Project("{9A19103F-16F7-4668-BE54-9A1E7A4F7556}") = "dotNet5783_8405_0000", "dotNet5783_8405_0000\dotNet5783_8405_0000.csproj", "{CB9F755E-24C9-4411-9D0D-D97BC5D493E3}"
EndProject
Project("{9A19103F-16F7-4668-BE54-9A1E7A4F7556}") = "DALList", "DAL_List\DALList.csproj", "{EAAB6C70-5C07-4236-9FCA-561F698245A3}"
EndProject
Project("{9A19103F-16F7-4668-BE54-9A1E7A4F7556}") = "DALFacade", "DALFacade\DALFacade.csproj", "{3CE314F1-5CA6-454D-981F-432D02679121}"
EndProject
Project("{9A19103F-16F7-4668-BE54-9A1E7A4F7556}") = "DalTest", "DalTest\DalTest.csproj", "{392E8BFA-5AD5-4949-83A0-15A3EB8C49C6}"
EndProject
Project("{9A19103F-16F7-4668-BE54-9A1E7A4F7556}") = "BL", "BL\BL.csproj", "{853E18FA-FC59-49CA-A0A2-66C083E1D6FB}"
EndProject
Project("{9A19103F-16F7-4668-BE54-9A1E7A4F7556}") = "BlTest", "BlTest\BlTest.csproj", "{EE7BB68E-87F5-491F-B6E9-644CBE6FC3CC}"
EndProject
Project("{FAE04EC0-301F-11D3-BF4B-00C04F79EFBC}") = "InputLibrary", "InputLibrary\InputLibrary.csproj", "{2F20798C-E412-427B-A550-E4FB2526F827}"
EndProject
Project("{9A19103F-16F7-4668-BE54-9A1E7A4F7556}") = "PL", "PL\PL.csproj", "{4A721E6D-98B7-47C0-9361-11F90ADA3CCC}"
EndProject
Project("{2150E333-8FDC-42A3-9474-1A3956D46DE8}") = "XML", "XML", "{A9CB95D7-AA76-434B-A9F9-9CF776461F1B}"
	ProjectSection(SolutionItems) = preProject
		XML\dal_config.xml = XML\dal_config.xml
	EndProjectSection
EndProject
Project("{FAE04EC0-301F-11D3-BF4B-00C04F79EFBC}") = "DALXml", "DALXml\DALXml.csproj", "{455724BA-6667-4FD8-B29E-B298CF503EBD}"
EndProject
Global
	GlobalSection(SolutionConfigurationPlatforms) = preSolution
		Debug|Any CPU = Debug|Any CPU
		Release|Any CPU = Release|Any CPU
	EndGlobalSection
	GlobalSection(ProjectConfigurationPlatforms) = postSolution
		{CB9F755E-24C9-4411-9D0D-D97BC5D493E3}.Debug|Any CPU.ActiveCfg = Debug|Any CPU
		{CB9F755E-24C9-4411-9D0D-D97BC5D493E3}.Debug|Any CPU.Build.0 = Debug|Any CPU
		{CB9F755E-24C9-4411-9D0D-D97BC5D493E3}.Release|Any CPU.ActiveCfg = Release|Any CPU
		{CB9F755E-24C9-4411-9D0D-D97BC5D493E3}.Release|Any CPU.Build.0 = Release|Any CPU
		{EAAB6C70-5C07-4236-9FCA-561F698245A3}.Debug|Any CPU.ActiveCfg = Debug|Any CPU
		{EAAB6C70-5C07-4236-9FCA-561F698245A3}.Debug|Any CPU.Build.0 = Debug|Any CPU
		{EAAB6C70-5C07-4236-9FCA-561F698245A3}.Release|Any CPU.ActiveCfg = Release|Any CPU
		{EAAB6C70-5C07-4236-9FCA-561F698245A3}.Release|Any CPU.Build.0 = Release|Any CPU
		{3CE314F1-5CA6-454D-981F-432D02679121}.Debug|Any CPU.ActiveCfg = Debug|Any CPU
		{3CE314F1-5CA6-454D-981F-432D02679121}.Debug|Any CPU.Build.0 = Debug|Any CPU
		{3CE314F1-5CA6-454D-981F-432D02679121}.Release|Any CPU.ActiveCfg = Release|Any CPU
		{3CE314F1-5CA6-454D-981F-432D02679121}.Release|Any CPU.Build.0 = Release|Any CPU
		{392E8BFA-5AD5-4949-83A0-15A3EB8C49C6}.Debug|Any CPU.ActiveCfg = Debug|Any CPU
		{392E8BFA-5AD5-4949-83A0-15A3EB8C49C6}.Debug|Any CPU.Build.0 = Debug|Any CPU
		{392E8BFA-5AD5-4949-83A0-15A3EB8C49C6}.Release|Any CPU.ActiveCfg = Release|Any CPU
		{392E8BFA-5AD5-4949-83A0-15A3EB8C49C6}.Release|Any CPU.Build.0 = Release|Any CPU
		{853E18FA-FC59-49CA-A0A2-66C083E1D6FB}.Debug|Any CPU.ActiveCfg = Debug|Any CPU
		{853E18FA-FC59-49CA-A0A2-66C083E1D6FB}.Debug|Any CPU.Build.0 = Debug|Any CPU
		{853E18FA-FC59-49CA-A0A2-66C083E1D6FB}.Release|Any CPU.ActiveCfg = Release|Any CPU
		{853E18FA-FC59-49CA-A0A2-66C083E1D6FB}.Release|Any CPU.Build.0 = Release|Any CPU
		{EE7BB68E-87F5-491F-B6E9-644CBE6FC3CC}.Debug|Any CPU.ActiveCfg = Debug|Any CPU
		{EE7BB68E-87F5-491F-B6E9-644CBE6FC3CC}.Debug|Any CPU.Build.0 = Debug|Any CPU
		{EE7BB68E-87F5-491F-B6E9-644CBE6FC3CC}.Release|Any CPU.ActiveCfg = Release|Any CPU
		{EE7BB68E-87F5-491F-B6E9-644CBE6FC3CC}.Release|Any CPU.Build.0 = Release|Any CPU
		{2F20798C-E412-427B-A550-E4FB2526F827}.Debug|Any CPU.ActiveCfg = Debug|Any CPU
		{2F20798C-E412-427B-A550-E4FB2526F827}.Debug|Any CPU.Build.0 = Debug|Any CPU
		{2F20798C-E412-427B-A550-E4FB2526F827}.Release|Any CPU.ActiveCfg = Release|Any CPU
		{2F20798C-E412-427B-A550-E4FB2526F827}.Release|Any CPU.Build.0 = Release|Any CPU
		{4A721E6D-98B7-47C0-9361-11F90ADA3CCC}.Debug|Any CPU.ActiveCfg = Debug|Any CPU
		{4A721E6D-98B7-47C0-9361-11F90ADA3CCC}.Debug|Any CPU.Build.0 = Debug|Any CPU
		{4A721E6D-98B7-47C0-9361-11F90ADA3CCC}.Release|Any CPU.ActiveCfg = Release|Any CPU
		{4A721E6D-98B7-47C0-9361-11F90ADA3CCC}.Release|Any CPU.Build.0 = Release|Any CPU
		{455724BA-6667-4FD8-B29E-B298CF503EBD}.Debug|Any CPU.ActiveCfg = Debug|Any CPU
		{455724BA-6667-4FD8-B29E-B298CF503EBD}.Debug|Any CPU.Build.0 = Debug|Any CPU
		{455724BA-6667-4FD8-B29E-B298CF503EBD}.Release|Any CPU.ActiveCfg = Release|Any CPU
		{455724BA-6667-4FD8-B29E-B298CF503EBD}.Release|Any CPU.Build.0 = Release|Any CPU
	EndGlobalSection
	GlobalSection(SolutionProperties) = preSolution
		HideSolutionNode = FALSE
	EndGlobalSection
	GlobalSection(ExtensibilityGlobals) = postSolution
		SolutionGuid = {F75C1219-EFA7-4939-8065-F70663772DE8}
	EndGlobalSection
EndGlobal
